// !$*UTF8*$!
{
	archiveVersion = 1;
	classes = {
	};
	objectVersion = 50;
	objects = {

/* Begin PBXBuildFile section */
		2D07CDEE21DEC33F0089701D /* GoogleService-Info.plist in Resources */ = {isa = PBXBuildFile; fileRef = 2D07CDED21DEC33F0089701D /* GoogleService-Info.plist */; };
		2D07CDF021E160D80089701D /* FadeSegue.swift in Sources */ = {isa = PBXBuildFile; fileRef = 2D07CDEF21E160D80089701D /* FadeSegue.swift */; };
		2D07CDF421E167690089701D /* MenuViewController.swift in Sources */ = {isa = PBXBuildFile; fileRef = 2D07CDF321E167690089701D /* MenuViewController.swift */; };
		2D07CDF621E18D7C0089701D /* SettingsViewController.swift in Sources */ = {isa = PBXBuildFile; fileRef = 2D07CDF521E18D7C0089701D /* SettingsViewController.swift */; };
		2D07CDF821E19BEA0089701D /* LookupViewController.swift in Sources */ = {isa = PBXBuildFile; fileRef = 2D07CDF721E19BEA0089701D /* LookupViewController.swift */; };
		2D28DBD321E3ED4800C8A4B2 /* DLRadioButton.m in Sources */ = {isa = PBXBuildFile; fileRef = 2D28DBD121E3ED4800C8A4B2 /* DLRadioButton.m */; };
		2D28DBD921E4F8D000C8A4B2 /* TableViewController.swift in Sources */ = {isa = PBXBuildFile; fileRef = 2D28DBD821E4F8D000C8A4B2 /* TableViewController.swift */; };
		2D28DBDB21E52C1A00C8A4B2 /* LookupTableViewCell.swift in Sources */ = {isa = PBXBuildFile; fileRef = 2D28DBDA21E52C1A00C8A4B2 /* LookupTableViewCell.swift */; };
		2D28DBE121E65F6300C8A4B2 /* SignInViewController.swift in Sources */ = {isa = PBXBuildFile; fileRef = 2D28DBE021E65F6300C8A4B2 /* SignInViewController.swift */; };
		2D28DBE321E660BA00C8A4B2 /* SignInTableViewCell.swift in Sources */ = {isa = PBXBuildFile; fileRef = 2D28DBE221E660BA00C8A4B2 /* SignInTableViewCell.swift */; };
		2D3239BF21CFED9B006DFEA3 /* AppDelegate.swift in Sources */ = {isa = PBXBuildFile; fileRef = 2D3239BE21CFED9B006DFEA3 /* AppDelegate.swift */; };
		2D3239C121CFED9B006DFEA3 /* LoginViewController.swift in Sources */ = {isa = PBXBuildFile; fileRef = 2D3239C021CFED9B006DFEA3 /* LoginViewController.swift */; };
		2D3239C421CFED9B006DFEA3 /* Main.storyboard in Resources */ = {isa = PBXBuildFile; fileRef = 2D3239C221CFED9B006DFEA3 /* Main.storyboard */; };
		2D3239C621CFED9D006DFEA3 /* Assets.xcassets in Resources */ = {isa = PBXBuildFile; fileRef = 2D3239C521CFED9D006DFEA3 /* Assets.xcassets */; };
		2D3239C921CFED9D006DFEA3 /* LaunchScreen.storyboard in Resources */ = {isa = PBXBuildFile; fileRef = 2D3239C721CFED9D006DFEA3 /* LaunchScreen.storyboard */; };
		DB78E31B67B9A76EFD875F04 /* Pods_WCFI_People_Info.framework in Frameworks */ = {isa = PBXBuildFile; fileRef = 8D179DC2234F7A474FF32CD7 /* Pods_WCFI_People_Info.framework */; };
/* End PBXBuildFile section */

/* Begin PBXFileReference section */
		2D07CDED21DEC33F0089701D /* GoogleService-Info.plist */ = {isa = PBXFileReference; fileEncoding = 4; lastKnownFileType = text.plist.xml; path = "GoogleService-Info.plist"; sourceTree = "<group>"; };
		2D07CDEF21E160D80089701D /* FadeSegue.swift */ = {isa = PBXFileReference; lastKnownFileType = sourcecode.swift; path = FadeSegue.swift; sourceTree = "<group>"; };
		2D07CDF321E167690089701D /* MenuViewController.swift */ = {isa = PBXFileReference; lastKnownFileType = sourcecode.swift; path = MenuViewController.swift; sourceTree = "<group>"; };
		2D07CDF521E18D7C0089701D /* SettingsViewController.swift */ = {isa = PBXFileReference; lastKnownFileType = sourcecode.swift; path = SettingsViewController.swift; sourceTree = "<group>"; };
		2D07CDF721E19BEA0089701D /* LookupViewController.swift */ = {isa = PBXFileReference; lastKnownFileType = sourcecode.swift; path = LookupViewController.swift; sourceTree = "<group>"; };
		2D28DBD021E3ED4600C8A4B2 /* WCFI People Info-Bridging-Header.h */ = {isa = PBXFileReference; lastKnownFileType = sourcecode.c.h; path = "WCFI People Info-Bridging-Header.h"; sourceTree = "<group>"; };
		2D28DBD121E3ED4800C8A4B2 /* DLRadioButton.m */ = {isa = PBXFileReference; fileEncoding = 4; lastKnownFileType = sourcecode.c.objc; path = DLRadioButton.m; sourceTree = "<group>"; };
		2D28DBD221E3ED4800C8A4B2 /* DLRadioButton.h */ = {isa = PBXFileReference; fileEncoding = 4; lastKnownFileType = sourcecode.c.h; path = DLRadioButton.h; sourceTree = "<group>"; };
		2D28DBD821E4F8D000C8A4B2 /* TableViewController.swift */ = {isa = PBXFileReference; lastKnownFileType = sourcecode.swift; path = TableViewController.swift; sourceTree = "<group>"; };
		2D28DBDA21E52C1A00C8A4B2 /* LookupTableViewCell.swift */ = {isa = PBXFileReference; lastKnownFileType = sourcecode.swift; path = LookupTableViewCell.swift; sourceTree = "<group>"; };
		2D28DBE021E65F6300C8A4B2 /* SignInViewController.swift */ = {isa = PBXFileReference; lastKnownFileType = sourcecode.swift; path = SignInViewController.swift; sourceTree = "<group>"; };
		2D28DBE221E660BA00C8A4B2 /* SignInTableViewCell.swift */ = {isa = PBXFileReference; lastKnownFileType = sourcecode.swift; path = SignInTableViewCell.swift; sourceTree = "<group>"; };
		2D3239BB21CFED9B006DFEA3 /* WCFI People Info.app */ = {isa = PBXFileReference; explicitFileType = wrapper.application; includeInIndex = 0; path = "WCFI People Info.app"; sourceTree = BUILT_PRODUCTS_DIR; };
		2D3239BE21CFED9B006DFEA3 /* AppDelegate.swift */ = {isa = PBXFileReference; lastKnownFileType = sourcecode.swift; path = AppDelegate.swift; sourceTree = "<group>"; };
		2D3239C021CFED9B006DFEA3 /* LoginViewController.swift */ = {isa = PBXFileReference; lastKnownFileType = sourcecode.swift; path = LoginViewController.swift; sourceTree = "<group>"; };
		2D3239C321CFED9B006DFEA3 /* Base */ = {isa = PBXFileReference; lastKnownFileType = file.storyboard; name = Base; path = Base.lproj/Main.storyboard; sourceTree = "<group>"; };
		2D3239C521CFED9D006DFEA3 /* Assets.xcassets */ = {isa = PBXFileReference; lastKnownFileType = folder.assetcatalog; path = Assets.xcassets; sourceTree = "<group>"; };
		2D3239C821CFED9D006DFEA3 /* Base */ = {isa = PBXFileReference; lastKnownFileType = file.storyboard; name = Base; path = Base.lproj/LaunchScreen.storyboard; sourceTree = "<group>"; };
		2D3239CA21CFED9D006DFEA3 /* Info.plist */ = {isa = PBXFileReference; lastKnownFileType = text.plist.xml; path = Info.plist; sourceTree = "<group>"; };
		3350B0803B1353CCCDF4C5E6 /* Pods-WCFI People Info.release.xcconfig */ = {isa = PBXFileReference; includeInIndex = 1; lastKnownFileType = text.xcconfig; name = "Pods-WCFI People Info.release.xcconfig"; path = "Pods/Target Support Files/Pods-WCFI People Info/Pods-WCFI People Info.release.xcconfig"; sourceTree = "<group>"; };
		8D179DC2234F7A474FF32CD7 /* Pods_WCFI_People_Info.framework */ = {isa = PBXFileReference; explicitFileType = wrapper.framework; includeInIndex = 0; path = Pods_WCFI_People_Info.framework; sourceTree = BUILT_PRODUCTS_DIR; };
		CBCF69866D2CD96CB89DFBB0 /* Pods-WCFI People Info.debug.xcconfig */ = {isa = PBXFileReference; includeInIndex = 1; lastKnownFileType = text.xcconfig; name = "Pods-WCFI People Info.debug.xcconfig"; path = "Pods/Target Support Files/Pods-WCFI People Info/Pods-WCFI People Info.debug.xcconfig"; sourceTree = "<group>"; };
/* End PBXFileReference section */

/* Begin PBXFrameworksBuildPhase section */
		2D3239B821CFED9B006DFEA3 /* Frameworks */ = {
			isa = PBXFrameworksBuildPhase;
			buildActionMask = 2147483647;
			files = (
				DB78E31B67B9A76EFD875F04 /* Pods_WCFI_People_Info.framework in Frameworks */,
			);
			runOnlyForDeploymentPostprocessing = 0;
		};
/* End PBXFrameworksBuildPhase section */

/* Begin PBXGroup section */
		2D28DBD521E4CC2F00C8A4B2 /* View Controllers */ = {
			isa = PBXGroup;
			children = (
				2D28DBD821E4F8D000C8A4B2 /* TableViewController.swift */,
				2D07CDF521E18D7C0089701D /* SettingsViewController.swift */,
				2D3239C021CFED9B006DFEA3 /* LoginViewController.swift */,
				2D07CDF321E167690089701D /* MenuViewController.swift */,
				2D07CDF721E19BEA0089701D /* LookupViewController.swift */,
				2D28DBE021E65F6300C8A4B2 /* SignInViewController.swift */,
			);
			path = "View Controllers";
			sourceTree = "<group>";
		};
		2D28DBD621E4CC6500C8A4B2 /* Modifiers */ = {
			isa = PBXGroup;
			children = (
				2D3239BE21CFED9B006DFEA3 /* AppDelegate.swift */,
				2D07CDEF21E160D80089701D /* FadeSegue.swift */,
				2D28DBDA21E52C1A00C8A4B2 /* LookupTableViewCell.swift */,
				2D28DBE221E660BA00C8A4B2 /* SignInTableViewCell.swift */,
			);
			path = Modifiers;
			sourceTree = "<group>";
		};
		2D28DBD721E4CC9300C8A4B2 /* Storyboards and Assets */ = {
			isa = PBXGroup;
			children = (
				2D3239C221CFED9B006DFEA3 /* Main.storyboard */,
				2D3239C521CFED9D006DFEA3 /* Assets.xcassets */,
				2D3239C721CFED9D006DFEA3 /* LaunchScreen.storyboard */,
			);
			path = "Storyboards and Assets";
			sourceTree = "<group>";
		};
		2D3239B221CFED9B006DFEA3 = {
			isa = PBXGroup;
			children = (
				2D3239BD21CFED9B006DFEA3 /* WCFI People Info */,
				2D3239BC21CFED9B006DFEA3 /* Products */,
				83F42A7AF3D7D3EFA2803122 /* Pods */,
				D6DA01A48453E4B1FDDCFCE6 /* Frameworks */,
			);
			sourceTree = "<group>";
		};
		2D3239BC21CFED9B006DFEA3 /* Products */ = {
			isa = PBXGroup;
			children = (
				2D3239BB21CFED9B006DFEA3 /* WCFI People Info.app */,
			);
			name = Products;
			sourceTree = "<group>";
		};
		2D3239BD21CFED9B006DFEA3 /* WCFI People Info */ = {
			isa = PBXGroup;
			children = (
				2D28DBD721E4CC9300C8A4B2 /* Storyboards and Assets */,
				2D28DBD621E4CC6500C8A4B2 /* Modifiers */,
				2D28DBD521E4CC2F00C8A4B2 /* View Controllers */,
				2D3239CA21CFED9D006DFEA3 /* Info.plist */,
				2D28DBD221E3ED4800C8A4B2 /* DLRadioButton.h */,
				2D28DBD121E3ED4800C8A4B2 /* DLRadioButton.m */,
				2D07CDED21DEC33F0089701D /* GoogleService-Info.plist */,
				2D28DBD021E3ED4600C8A4B2 /* WCFI People Info-Bridging-Header.h */,
			);
			path = "WCFI People Info";
			sourceTree = "<group>";
		};
		83F42A7AF3D7D3EFA2803122 /* Pods */ = {
			isa = PBXGroup;
			children = (
				CBCF69866D2CD96CB89DFBB0 /* Pods-WCFI People Info.debug.xcconfig */,
				3350B0803B1353CCCDF4C5E6 /* Pods-WCFI People Info.release.xcconfig */,
			);
			name = Pods;
			sourceTree = "<group>";
		};
		D6DA01A48453E4B1FDDCFCE6 /* Frameworks */ = {
			isa = PBXGroup;
			children = (
				8D179DC2234F7A474FF32CD7 /* Pods_WCFI_People_Info.framework */,
			);
			name = Frameworks;
			sourceTree = "<group>";
		};
/* End PBXGroup section */

/* Begin PBXNativeTarget section */
		2D3239BA21CFED9B006DFEA3 /* WCFI People Info */ = {
			isa = PBXNativeTarget;
			buildConfigurationList = 2D3239CD21CFED9D006DFEA3 /* Build configuration list for PBXNativeTarget "WCFI People Info" */;
			buildPhases = (
				9AE52064FA86F2416B53DF57 /* [CP] Check Pods Manifest.lock */,
				2D3239B721CFED9B006DFEA3 /* Sources */,
				2D3239B821CFED9B006DFEA3 /* Frameworks */,
				2D3239B921CFED9B006DFEA3 /* Resources */,
				DEA24F7EDE282241911DEDF1 /* [CP] Embed Pods Frameworks */,
				C393EEF8BC1D3102B1D981A7 /* [CP] Copy Pods Resources */,
			);
			buildRules = (
			);
			dependencies = (
			);
			name = "WCFI People Info";
			productName = "WCFI People Info";
			productReference = 2D3239BB21CFED9B006DFEA3 /* WCFI People Info.app */;
			productType = "com.apple.product-type.application";
		};
/* End PBXNativeTarget section */

/* Begin PBXProject section */
		2D3239B321CFED9B006DFEA3 /* Project object */ = {
			isa = PBXProject;
			attributes = {
				LastSwiftUpdateCheck = 1010;
				LastUpgradeCheck = 1010;
				ORGANIZATIONNAME = DeZiox;
				TargetAttributes = {
					2D3239BA21CFED9B006DFEA3 = {
						CreatedOnToolsVersion = 10.1;
						LastSwiftMigration = 1010;
					};
				};
			};
			buildConfigurationList = 2D3239B621CFED9B006DFEA3 /* Build configuration list for PBXProject "WCFI People Info" */;
			compatibilityVersion = "Xcode 9.3";
			developmentRegion = en;
			hasScannedForEncodings = 0;
			knownRegions = (
				en,
				Base,
			);
			mainGroup = 2D3239B221CFED9B006DFEA3;
			productRefGroup = 2D3239BC21CFED9B006DFEA3 /* Products */;
			projectDirPath = "";
			projectRoot = "";
			targets = (
				2D3239BA21CFED9B006DFEA3 /* WCFI People Info */,
			);
		};
/* End PBXProject section */

/* Begin PBXResourcesBuildPhase section */
		2D3239B921CFED9B006DFEA3 /* Resources */ = {
			isa = PBXResourcesBuildPhase;
			buildActionMask = 2147483647;
			files = (
				2D3239C921CFED9D006DFEA3 /* LaunchScreen.storyboard in Resources */,
				2D07CDEE21DEC33F0089701D /* GoogleService-Info.plist in Resources */,
				2D3239C621CFED9D006DFEA3 /* Assets.xcassets in Resources */,
				2D3239C421CFED9B006DFEA3 /* Main.storyboard in Resources */,
			);
			runOnlyForDeploymentPostprocessing = 0;
		};
/* End PBXResourcesBuildPhase section */

/* Begin PBXShellScriptBuildPhase section */
		9AE52064FA86F2416B53DF57 /* [CP] Check Pods Manifest.lock */ = {
			isa = PBXShellScriptBuildPhase;
			buildActionMask = 2147483647;
			files = (
			);
			inputFileListPaths = (
			);
			inputPaths = (
				"${PODS_PODFILE_DIR_PATH}/Podfile.lock",
				"${PODS_ROOT}/Manifest.lock",
			);
			name = "[CP] Check Pods Manifest.lock";
			outputFileListPaths = (
			);
			outputPaths = (
				"$(DERIVED_FILE_DIR)/Pods-WCFI People Info-checkManifestLockResult.txt",
			);
			runOnlyForDeploymentPostprocessing = 0;
			shellPath = /bin/sh;
			shellScript = "diff \"${PODS_PODFILE_DIR_PATH}/Podfile.lock\" \"${PODS_ROOT}/Manifest.lock\" > /dev/null\nif [ $? != 0 ] ; then\n    # print error to STDERR\n    echo \"error: The sandbox is not in sync with the Podfile.lock. Run 'pod install' or update your CocoaPods installation.\" >&2\n    exit 1\nfi\n# This output is used by Xcode 'outputs' to avoid re-running this script phase.\necho \"SUCCESS\" > \"${SCRIPT_OUTPUT_FILE_0}\"\n";
			showEnvVarsInLog = 0;
		};
		C393EEF8BC1D3102B1D981A7 /* [CP] Copy Pods Resources */ = {
			isa = PBXShellScriptBuildPhase;
			buildActionMask = 2147483647;
			files = (
			);
			inputFileListPaths = (
			);
			inputPaths = (
				"${SRCROOT}/Pods/Target Support Files/Pods-WCFI People Info/Pods-WCFI People Info-resources.sh",
				"${PODS_CONFIGURATION_BUILD_DIR}/FirebaseFirestore/gRPCCertificates-Firestore.bundle",
			);
			name = "[CP] Copy Pods Resources";
			outputFileListPaths = (
			);
			outputPaths = (
				"${TARGET_BUILD_DIR}/${UNLOCALIZED_RESOURCES_FOLDER_PATH}/gRPCCertificates-Firestore.bundle",
			);
			runOnlyForDeploymentPostprocessing = 0;
			shellPath = /bin/sh;
			shellScript = "\"${SRCROOT}/Pods/Target Support Files/Pods-WCFI People Info/Pods-WCFI People Info-resources.sh\"\n";
			showEnvVarsInLog = 0;
		};
		DEA24F7EDE282241911DEDF1 /* [CP] Embed Pods Frameworks */ = {
			isa = PBXShellScriptBuildPhase;
			buildActionMask = 2147483647;
			files = (
			);
			inputFileListPaths = (
			);
			inputPaths = (
				"${SRCROOT}/Pods/Target Support Files/Pods-WCFI People Info/Pods-WCFI People Info-frameworks.sh",
				"${BUILT_PRODUCTS_DIR}/BoringSSL/openssl.framework",
				"${BUILT_PRODUCTS_DIR}/GTMSessionFetcher/GTMSessionFetcher.framework",
				"${BUILT_PRODUCTS_DIR}/GoogleUtilities/GoogleUtilities.framework",
				"${BUILT_PRODUCTS_DIR}/Protobuf/Protobuf.framework",
				"${BUILT_PRODUCTS_DIR}/gRPC-C++/grpcpp.framework",
				"${BUILT_PRODUCTS_DIR}/gRPC-Core/grpc.framework",
				"${BUILT_PRODUCTS_DIR}/leveldb-library/leveldb.framework",
				"${BUILT_PRODUCTS_DIR}/nanopb/nanopb.framework",
			);
			name = "[CP] Embed Pods Frameworks";
			outputFileListPaths = (
			);
			outputPaths = (
				"${TARGET_BUILD_DIR}/${FRAMEWORKS_FOLDER_PATH}/openssl.framework",
				"${TARGET_BUILD_DIR}/${FRAMEWORKS_FOLDER_PATH}/GTMSessionFetcher.framework",
				"${TARGET_BUILD_DIR}/${FRAMEWORKS_FOLDER_PATH}/GoogleUtilities.framework",
				"${TARGET_BUILD_DIR}/${FRAMEWORKS_FOLDER_PATH}/Protobuf.framework",
				"${TARGET_BUILD_DIR}/${FRAMEWORKS_FOLDER_PATH}/grpcpp.framework",
				"${TARGET_BUILD_DIR}/${FRAMEWORKS_FOLDER_PATH}/grpc.framework",
				"${TARGET_BUILD_DIR}/${FRAMEWORKS_FOLDER_PATH}/leveldb.framework",
				"${TARGET_BUILD_DIR}/${FRAMEWORKS_FOLDER_PATH}/nanopb.framework",
			);
			runOnlyForDeploymentPostprocessing = 0;
			shellPath = /bin/sh;
			shellScript = "\"${SRCROOT}/Pods/Target Support Files/Pods-WCFI People Info/Pods-WCFI People Info-frameworks.sh\"\n";
			showEnvVarsInLog = 0;
		};
/* End PBXShellScriptBuildPhase section */

/* Begin PBXSourcesBuildPhase section */
		2D3239B721CFED9B006DFEA3 /* Sources */ = {
			isa = PBXSourcesBuildPhase;
			buildActionMask = 2147483647;
			files = (
				2D28DBE321E660BA00C8A4B2 /* SignInTableViewCell.swift in Sources */,
				2D3239C121CFED9B006DFEA3 /* LoginViewController.swift in Sources */,
				2D28DBDB21E52C1A00C8A4B2 /* LookupTableViewCell.swift in Sources */,
				2D07CDF021E160D80089701D /* FadeSegue.swift in Sources */,
				2D28DBD321E3ED4800C8A4B2 /* DLRadioButton.m in Sources */,
				2D28DBD921E4F8D000C8A4B2 /* TableViewController.swift in Sources */,
				2D3239BF21CFED9B006DFEA3 /* AppDelegate.swift in Sources */,
				2D07CDF621E18D7C0089701D /* SettingsViewController.swift in Sources */,
				2D07CDF821E19BEA0089701D /* LookupViewController.swift in Sources */,
				2D28DBE121E65F6300C8A4B2 /* SignInViewController.swift in Sources */,
				2D07CDF421E167690089701D /* MenuViewController.swift in Sources */,
			);
			runOnlyForDeploymentPostprocessing = 0;
		};
/* End PBXSourcesBuildPhase section */

/* Begin PBXVariantGroup section */
		2D3239C221CFED9B006DFEA3 /* Main.storyboard */ = {
			isa = PBXVariantGroup;
			children = (
				2D3239C321CFED9B006DFEA3 /* Base */,
			);
			name = Main.storyboard;
			sourceTree = "<group>";
		};
		2D3239C721CFED9D006DFEA3 /* LaunchScreen.storyboard */ = {
			isa = PBXVariantGroup;
			children = (
				2D3239C821CFED9D006DFEA3 /* Base */,
			);
			name = LaunchScreen.storyboard;
			sourceTree = "<group>";
		};
/* End PBXVariantGroup section */

/* Begin XCBuildConfiguration section */
		2D3239CB21CFED9D006DFEA3 /* Debug */ = {
			isa = XCBuildConfiguration;
			buildSettings = {
				ALWAYS_SEARCH_USER_PATHS = NO;
				CLANG_ANALYZER_NONNULL = YES;
				CLANG_ANALYZER_NUMBER_OBJECT_CONVERSION = YES_AGGRESSIVE;
				CLANG_CXX_LANGUAGE_STANDARD = "gnu++14";
				CLANG_CXX_LIBRARY = "libc++";
				CLANG_ENABLE_MODULES = YES;
				CLANG_ENABLE_OBJC_ARC = YES;
				CLANG_ENABLE_OBJC_WEAK = YES;
				CLANG_WARN_BLOCK_CAPTURE_AUTORELEASING = YES;
				CLANG_WARN_BOOL_CONVERSION = YES;
				CLANG_WARN_COMMA = YES;
				CLANG_WARN_CONSTANT_CONVERSION = YES;
				CLANG_WARN_DEPRECATED_OBJC_IMPLEMENTATIONS = YES;
				CLANG_WARN_DIRECT_OBJC_ISA_USAGE = YES_ERROR;
				CLANG_WARN_DOCUMENTATION_COMMENTS = YES;
				CLANG_WARN_EMPTY_BODY = YES;
				CLANG_WARN_ENUM_CONVERSION = YES;
				CLANG_WARN_INFINITE_RECURSION = YES;
				CLANG_WARN_INT_CONVERSION = YES;
				CLANG_WARN_NON_LITERAL_NULL_CONVERSION = YES;
				CLANG_WARN_OBJC_IMPLICIT_RETAIN_SELF = YES;
				CLANG_WARN_OBJC_LITERAL_CONVERSION = YES;
				CLANG_WARN_OBJC_ROOT_CLASS = YES_ERROR;
				CLANG_WARN_RANGE_LOOP_ANALYSIS = YES;
				CLANG_WARN_STRICT_PROTOTYPES = YES;
				CLANG_WARN_SUSPICIOUS_MOVE = YES;
				CLANG_WARN_UNGUARDED_AVAILABILITY = YES_AGGRESSIVE;
				CLANG_WARN_UNREACHABLE_CODE = YES;
				CLANG_WARN__DUPLICATE_METHOD_MATCH = YES;
				CODE_SIGN_IDENTITY = "iPhone Developer";
				COPY_PHASE_STRIP = NO;
				DEBUG_INFORMATION_FORMAT = dwarf;
				ENABLE_STRICT_OBJC_MSGSEND = YES;
				ENABLE_TESTABILITY = YES;
				GCC_C_LANGUAGE_STANDARD = gnu11;
				GCC_DYNAMIC_NO_PIC = NO;
				GCC_NO_COMMON_BLOCKS = YES;
				GCC_OPTIMIZATION_LEVEL = 0;
				GCC_PREPROCESSOR_DEFINITIONS = (
					"DEBUG=1",
					"$(inherited)",
				);
				GCC_WARN_64_TO_32_BIT_CONVERSION = YES;
				GCC_WARN_ABOUT_RETURN_TYPE = YES_ERROR;
				GCC_WARN_UNDECLARED_SELECTOR = YES;
				GCC_WARN_UNINITIALIZED_AUTOS = YES_AGGRESSIVE;
				GCC_WARN_UNUSED_FUNCTION = YES;
				GCC_WARN_UNUSED_VARIABLE = YES;
				IPHONEOS_DEPLOYMENT_TARGET = 12.1;
				MTL_ENABLE_DEBUG_INFO = INCLUDE_SOURCE;
				MTL_FAST_MATH = YES;
				ONLY_ACTIVE_ARCH = YES;
				SDKROOT = iphoneos;
				SWIFT_ACTIVE_COMPILATION_CONDITIONS = DEBUG;
				SWIFT_OPTIMIZATION_LEVEL = "-Onone";
			};
			name = Debug;
		};
		2D3239CC21CFED9D006DFEA3 /* Release */ = {
			isa = XCBuildConfiguration;
			buildSettings = {
				ALWAYS_SEARCH_USER_PATHS = NO;
				CLANG_ANALYZER_NONNULL = YES;
				CLANG_ANALYZER_NUMBER_OBJECT_CONVERSION = YES_AGGRESSIVE;
				CLANG_CXX_LANGUAGE_STANDARD = "gnu++14";
				CLANG_CXX_LIBRARY = "libc++";
				CLANG_ENABLE_MODULES = YES;
				CLANG_ENABLE_OBJC_ARC = YES;
				CLANG_ENABLE_OBJC_WEAK = YES;
				CLANG_WARN_BLOCK_CAPTURE_AUTORELEASING = YES;
				CLANG_WARN_BOOL_CONVERSION = YES;
				CLANG_WARN_COMMA = YES;
				CLANG_WARN_CONSTANT_CONVERSION = YES;
				CLANG_WARN_DEPRECATED_OBJC_IMPLEMENTATIONS = YES;
				CLANG_WARN_DIRECT_OBJC_ISA_USAGE = YES_ERROR;
				CLANG_WARN_DOCUMENTATION_COMMENTS = YES;
				CLANG_WARN_EMPTY_BODY = YES;
				CLANG_WARN_ENUM_CONVERSION = YES;
				CLANG_WARN_INFINITE_RECURSION = YES;
				CLANG_WARN_INT_CONVERSION = YES;
				CLANG_WARN_NON_LITERAL_NULL_CONVERSION = YES;
				CLANG_WARN_OBJC_IMPLICIT_RETAIN_SELF = YES;
				CLANG_WARN_OBJC_LITERAL_CONVERSION = YES;
				CLANG_WARN_OBJC_ROOT_CLASS = YES_ERROR;
				CLANG_WARN_RANGE_LOOP_ANALYSIS = YES;
				CLANG_WARN_STRICT_PROTOTYPES = YES;
				CLANG_WARN_SUSPICIOUS_MOVE = YES;
				CLANG_WARN_UNGUARDED_AVAILABILITY = YES_AGGRESSIVE;
				CLANG_WARN_UNREACHABLE_CODE = YES;
				CLANG_WARN__DUPLICATE_METHOD_MATCH = YES;
				CODE_SIGN_IDENTITY = "iPhone Developer";
				COPY_PHASE_STRIP = NO;
				DEBUG_INFORMATION_FORMAT = "dwarf-with-dsym";
				ENABLE_NS_ASSERTIONS = NO;
				ENABLE_STRICT_OBJC_MSGSEND = YES;
				GCC_C_LANGUAGE_STANDARD = gnu11;
				GCC_NO_COMMON_BLOCKS = YES;
				GCC_WARN_64_TO_32_BIT_CONVERSION = YES;
				GCC_WARN_ABOUT_RETURN_TYPE = YES_ERROR;
				GCC_WARN_UNDECLARED_SELECTOR = YES;
				GCC_WARN_UNINITIALIZED_AUTOS = YES_AGGRESSIVE;
				GCC_WARN_UNUSED_FUNCTION = YES;
				GCC_WARN_UNUSED_VARIABLE = YES;
				IPHONEOS_DEPLOYMENT_TARGET = 12.1;
				MTL_ENABLE_DEBUG_INFO = NO;
				MTL_FAST_MATH = YES;
				SDKROOT = iphoneos;
				SWIFT_COMPILATION_MODE = wholemodule;
				SWIFT_OPTIMIZATION_LEVEL = "-O";
				VALIDATE_PRODUCT = YES;
			};
			name = Release;
		};
		2D3239CE21CFED9D006DFEA3 /* Debug */ = {
			isa = XCBuildConfiguration;
			baseConfigurationReference = CBCF69866D2CD96CB89DFBB0 /* Pods-WCFI People Info.debug.xcconfig */;
			buildSettings = {
				ASSETCATALOG_COMPILER_APPICON_NAME = AppIcon;
				CLANG_ENABLE_MODULES = YES;
				CODE_SIGN_STYLE = Automatic;
				DEVELOPMENT_TEAM = 3CC6UMB49P;
				INFOPLIST_FILE = "WCFI People Info/Info.plist";
				IPHONEOS_DEPLOYMENT_TARGET = 11.2;
				LD_RUNPATH_SEARCH_PATHS = (
					"$(inherited)",
					"@executable_path/Frameworks",
				);
				PRODUCT_BUNDLE_IDENTIFIER = com.deziox.wcfiushertool;
				PRODUCT_NAME = "$(TARGET_NAME)";
				SWIFT_OBJC_BRIDGING_HEADER = "WCFI People Info/WCFI People Info-Bridging-Header.h";
				SWIFT_OPTIMIZATION_LEVEL = "-Onone";
				SWIFT_VERSION = 4.2;
				TARGETED_DEVICE_FAMILY = "1,2";
			};
			name = Debug;
		};
		2D3239CF21CFED9D006DFEA3 /* Release */ = {
			isa = XCBuildConfiguration;
			baseConfigurationReference = 3350B0803B1353CCCDF4C5E6 /* Pods-WCFI People Info.release.xcconfig */;
			buildSettings = {
				ASSETCATALOG_COMPILER_APPICON_NAME = AppIcon;
				CLANG_ENABLE_MODULES = YES;
				CODE_SIGN_STYLE = Automatic;
				DEVELOPMENT_TEAM = 3CC6UMB49P;
				INFOPLIST_FILE = "WCFI People Info/Info.plist";
				IPHONEOS_DEPLOYMENT_TARGET = 11.2;
				LD_RUNPATH_SEARCH_PATHS = (
					"$(inherited)",
					"@executable_path/Frameworks",
				);
				PRODUCT_BUNDLE_IDENTIFIER = com.deziox.wcfiushertool;
				PRODUCT_NAME = "$(TARGET_NAME)";
				SWIFT_OBJC_BRIDGING_HEADER = "WCFI People Info/WCFI People Info-Bridging-Header.h";
				SWIFT_VERSION = 4.2;
				TARGETED_DEVICE_FAMILY = "1,2";
			};
			name = Release;
		};
/* End XCBuildConfiguration section */

/* Begin XCConfigurationList section */
		2D3239B621CFED9B006DFEA3 /* Build configuration list for PBXProject "WCFI People Info" */ = {
			isa = XCConfigurationList;
			buildConfigurations = (
				2D3239CB21CFED9D006DFEA3 /* Debug */,
				2D3239CC21CFED9D006DFEA3 /* Release */,
			);
			defaultConfigurationIsVisible = 0;
			defaultConfigurationName = Release;
		};
		2D3239CD21CFED9D006DFEA3 /* Build configuration list for PBXNativeTarget "WCFI People Info" */ = {
			isa = XCConfigurationList;
			buildConfigurations = (
				2D3239CE21CFED9D006DFEA3 /* Debug */,
				2D3239CF21CFED9D006DFEA3 /* Release */,
			);
			defaultConfigurationIsVisible = 0;
			defaultConfigurationName = Release;
		};
/* End XCConfigurationList section */
	};
	rootObject = 2D3239B321CFED9B006DFEA3 /* Project object */;
}
